dependencies:
- name: kubevirt-operator
  repository: file://dependency_charts/kubevirt-operator
  version: 0.1.0
- name: kubevirt
  repository: file://dependency_charts/kubevirt
  version: 0.1.0
- name: harvester-network-controller
  repository: https://charts.harvesterhci.io
  version: 0.3.3
- name: harvester-node-disk-manager
  repository: https://charts.harvesterhci.io
  version: 0.5.0
- name: csi-snapshotter
  repository: file://dependency_charts/csi-snapshotter
  version: 0.1.0
- name: longhorn
  repository: https://charts.longhorn.io
  version: 1.4.3
- name: kube-vip
  repository: https://kube-vip.github.io/helm-charts
  version: 0.4.2
- name: harvester-load-balancer
  repository: file://dependency_charts/harvester-load-balancer
  version: 0.0.0-dev
- name: whereabouts
  repository: file://dependency_charts/whereabouts
  version: 0.1.1
- name: harvester-node-manager
  repository: https://charts.harvesterhci.io
  version: 0.1.5
- name: snapshot-validation-webhook
  repository: file://dependency_charts/snapshot-validation-webhook
  version: 0.1.0
digest: sha256:96a6a04d43501f10ffd75ef94308911db2a25ce18b1c5c33bd0e1ea9f4cad07f
generated: "2023-07-31T14:11:18.197476399+08:00"
